cloud.google.com/go v0.26.0/go.mod h1:aQUYkXzVsufM+DwF1aE+0xfcU+56JwCaLick0ClmMTw=
crawshaw.io/iox v0.0.0-20181124134642-c51c3df30797/go.mod h1:sXBiorCo8c46JlQV3oXPKINnZ8mcqnye1EkVkqsectk=
github.com/BurntSushi/toml v0.3.1/go.mod h1:xHWCNGjB5oqiDr8zfno3MHue2Ht5sIBksp03qcyfWMU=
github.com/OneOfOne/xxhash v1.2.2/go.mod h1:HSdplMjZKSmBqAxg5vPj2TmRDmfkzw+cTzAElWljhcU=
github.com/alecthomas/kong v0.5.0 h1:u8Kdw+eeml93qtMZ04iei0CFYve/WPcA5IFh+9wSskE=
github.com/alecthomas/kong v0.5.0/go.mod h1:uzxf/HUh0tj43x1AyJROl3JT7SgsZ5m+icOv1csRhc0=
github.com/alecthomas/repr v0.0.0-20210801044451-80ca428c5142 h1:8Uy0oSf5co/NZXje7U1z8Mpep++QJOldL2hs/sBQf48=
github.com/alecthomas/repr v0.0.0-20210801044451-80ca428c5142/go.mod h1:2kn6fqh/zIyPLmm3ugklbEi5hg5wS435eygvNfaDQL8=
github.com/armon/consul-api v0.0.0-20180202201655-eb2c6b5be1b6/go.mod h1:grANhF5doyWs3UAsr3K4I6qtAmlQcZDesFNEHPZAzj8=
github.com/bwmarrin/discordgo v0.25.0 h1:NXhdfHRNxtwso6FPdzW2i3uBvvU7UIQTghmV2T4nqAs=
github.com/bwmarrin/discordgo v0.25.0/go.mod h1:NJZpH+1AfhIcyQsPeuBKsUtYrRnjkyu0kIVMCHkZtRY=
github.com/cespare/xxhash v1.1.0/go.mod h1:XrSqR1VqqWfGrhpAt58auRo0WTKS1nRRg3ghfAqPWnc=
github.com/cespare/xxhash/v2 v2.1.1/go.mod h1:VGX0DQ3Q6kWi7AoAeZDth3/j3BFtOZR5XLFGgcrjCOs=
github.com/chzyer/logex v1.1.10 h1:Swpa1K6QvQznwJRcfTfQJmTE72DqScAa40E+fbHEXEE=
github.com/chzyer/logex v1.1.10/go.mod h1:+Ywpsq7O8HXn0nuIou7OrIPyXbp3wmkHB+jjWRnGsAI=
github.com/chzyer/readline v0.0.0-20180603132655-2972be24d48e h1:fY5BOSpyZCqRo5OhCuC+XN+r/bBCmeuuJtjz+bCNIf8=
github.com/chzyer/readline v0.0.0-20180603132655-2972be24d48e/go.mod h1:nSuG5e5PlCu98SY8svDHJxuZscDgtXS6KTTbou5AhLI=
github.com/chzyer/test v0.0.0-20180213035817-a1ea475d72b1 h1:q763qf9huN11kDQavWsoZXJNW3xEE4JJyHa5Q25/sd8=
github.com/chzyer/test v0.0.0-20180213035817-a1ea475d72b1/go.mod h1:Q3SI9o4m/ZMnBNeIyt5eFwwo7qiLfzFZmjNmxjkiQlU=
github.com/client9/misspell v0.3.4/go.mod h1:qj6jICC3Q7zFZvVWo7KLAzC3yx5G7kyvSDkc90ppPyw=
github.com/coreos/etcd v3.3.10+incompatible/go.mod h1:uF7uidLiAD3TWHmW31ZFd/JWoc32PjwdhPthX9715RE=
github.com/coreos/go-etcd v2.0.0+incompatible/go.mod h1:Jez6KQU2B/sWsbdaef3ED8NzMklzPG4d5KIOhIy30Tk=
github.com/coreos/go-semver v0.2.0/go.mod h1:nnelYz7RCh+5ahJtPPxZlU+153eP4D4r3EedlOD2RNk=
github.com/coreos/go-systemd/v22 v22.3.2/go.mod h1:Y58oyj3AT4RCenI/lSvhwexgC+NSVTIJ3seZv2GcEnc=
github.com/cpuguy83/go-md2man v1.0.10/go.mod h1:SmD6nW6nTyfqj6ABTjUi3V3JVMnlJmwcJI5acqYI6dE=
github.com/davecgh/go-spew v1.1.0/go.mod h1:J7Y8YcW2NihsgmVo/mv3lAwl/skON4iLHjSsI+c5H38=
github.com/davecgh/go-spew v1.1.1 h1:vj9j/u1bqnvCEfJOwUhtlOARqs3+rkHYY13jYWTU97c=
github.com/davecgh/go-spew v1.1.1/go.mod h1:J7Y8YcW2NihsgmVo/mv3lAwl/skON4iLHjSsI+c5H38=
github.com/dgraph-io/badger/v3 v3.2103.2/go.mod h1:RHo4/GmYcKKh5Lxu63wLEMHJ70Pac2JqZRYGhlyAo2M=
github.com/dgraph-io/ristretto v0.1.0/go.mod h1:fux0lOrBhrVCJd3lcTHsIJhq1T2rokOu6v9Vcb3Q9ug=
github.com/dgryski/go-farm v0.0.0-20190423205320-6a90982ecee2/go.mod h1:SqUrOPUnsFjfmXRMNPybcSiG0BgUW2AuFH8PAnS2iTw=
github.com/dustin/go-humanize v1.0.0/go.mod h1:HtrtbFcZ19U5GC7JDqmcUSB87Iq5E25KnS6fMYU6eOk=
github.com/fsnotify/fsnotify v1.4.7/go.mod h1:jwhsz4b93w/PPRr/qN1Yymfu8t87LnFCMoQvtojpjFo=
github.com/go-co-op/gocron v1.13.0 h1:BjkuNImPy5NuIPEifhWItFG7pYyr27cyjS6BN9w/D4c=
github.com/go-co-op/gocron v1.13.0/go.mod h1:GD5EIEly1YNW+LovFVx5dzbYVcIc8544K99D8UVRpGo=
github.com/godbus/dbus/v5 v5.0.4/go.mod h1:xhWf0FNVPg57R7Z0UbKHbJfkEywrmjJnf7w5xrFpKfA=
github.com/gogo/protobuf v1.3.2/go.mod h1:P1XiOD3dCwIKUDQYPy72D8LYyHL2YPYrpS2s69NZV8Q=
github.com/golang/glog v0.0.0-20160126235308-23def4e6c14b/go.mod h1:SBH7ygxi8pfUlaOkMMuAQtPIUF8ecWP5IEl/CR7VP2Q=
github.com/golang/groupcache v0.0.0-20190702054246-869f871628b6/go.mod h1:cIg4eruTrX1D+g88fzRXU5OdNfaM+9IcxsU14FzY7Hc=
github.com/golang/mock v1.1.1/go.mod h1:oTYuIxOrZwtPieC+H1uAHpcLFnEyAGVDL/k47Jfbm0A=
github.com/golang/mock v1.6.0 h1:ErTB+efbowRARo13NNdxyJji2egdxLGQhRaY+DUumQc=
github.com/golang/protobuf v1.2.0/go.mod h1:6lQm79b+lXiMfvg/cZm0SGofjICqVBUtrP5yJMmIC1U=
github.com/golang/protobuf v1.3.1/go.mod h1:6lQm79b+lXiMfvg/cZm0SGofjICqVBUtrP5yJMmIC1U=
github.com/golang/snappy v0.0.3/go.mod h1:/XxbfmMg8lxefKM7IXC3fBNl/7bRcc72aCRzEWrmP2Q=
github.com/google/flatbuffers v1.12.1/go.mod h1:1AeVuKshWv4vARoZatz6mlQ0JxURH0Kv5+zNeJKJCa8=
github.com/google/go-cmp v0.3.0/go.mod h1:8QqcDgzrUqlUb/G2PQTWiueGozuR1884gddMywk6iLU=
github.com/google/go-cmp v0.5.3/go.mod h1:v8dTdLbMG2kIc/vJvl+f65V22dbkXbowE6jgT/gNBxE=
github.com/google/go-cmp v0.5.4 h1:L8R9j+yAqZuZjsqh/z+F1NCffTKKLShY6zXTItVIZ8M=
github.com/google/go-cmp v0.5.4/go.mod h1:v8dTdLbMG2kIc/vJvl+f65V22dbkXbowE6jgT/gNBxE=
github.com/google/uuid v1.1.1/go.mod h1:TIyPZe4MgqvfeYDBFedMoGGpEw/LqOeaOT+nhxU+yHo=
github.com/google/uuid v1.3.0 h1:t6JiXgmwXMjEs8VusXIJk2BXHsn+wx8BZdTaoZ5fu7I=
github.com/google/uuid v1.3.0/go.mod h1:TIyPZe4MgqvfeYDBFedMoGGpEw/LqOeaOT+nhxU+yHo=
github.com/gorilla/websocket v1.4.0/go.mod h1:E7qHFY5m1UJ88s3WnNqhKjPHQ0heANvMoAMk2YaljkQ=
github.com/gorilla/websocket v1.4.2/go.mod h1:YR8l580nyteQvAITg2hZ9XVh4b55+EU/adAjf1fMHhE=
github.com/gorilla/websocket v1.5.0 h1:PPwGk2jz7EePpoHN/+ClbZu8SPxiqlu12wZP/3sWmnc=
github.com/gorilla/websocket v1.5.0/go.mod h1:YR8l580nyteQvAITg2hZ9XVh4b55+EU/adAjf1fMHhE=
github.com/hashicorp/hcl v1.0.0/go.mod h1:E5yfLk+7swimpb2L/Alb/PJmXilQ/rhwaUYs4T20WEQ=
github.com/inconshreveable/mousetrap v1.0.0/go.mod h1:PxqpIevigyE2G7u3NXJIT2ANytuPF1OarO4DADm73n8=
github.com/jrudio/go-plex-client v0.0.0-20220428052413-e5b4386beb17 h1:G4arYnuzci2l3dCUa9/HlIsxlsBp0+i1sX7lz/fe9W0=
github.com/jrudio/go-plex-client v0.0.0-20220428052413-e5b4386beb17/go.mod h1:NICqgLUxSYsDHh3n+m6xomGmRbqLxBcN4D7Jb9Z6LJ0=
github.com/kballard/go-shellquote v0.0.0-20180428030007-95032a82bc51/go.mod h1:CzGEWj7cYgsdH8dAjBGEr58BoE7ScuLd+fwFZ44+/x8=
github.com/kisielk/errcheck v1.5.0/go.mod h1:pFxgyoBC7bSaBwPgfKdkLd5X25qrDl4LWUI2bnpBCr8=
github.com/kisielk/gotool v1.0.0/go.mod h1:XhKaO+MFFWcvkIS/tQcRk01m1F5IRFswLeQ+oQHNcck=
github.com/klauspost/compress v1.12.3/go.mod h1:8dP1Hq4DHOhN9w426knH3Rhby4rFm6D8eO+e+Dq5Gzg=
github.com/kr/pretty v0.1.0 h1:L/CwN0zerZDmRFUapSPitk6f+Q3+0za1rQkzVuMiMFI=
github.com/kr/pretty v0.1.0/go.mod h1:dAy3ld7l9f0ibDNOQOHHMYYIIbhfbHSm3C4ZsoJORNo=
github.com/kr/pty v1.1.1/go.mod h1:pFQYn66WHrOpPYNljwOMqo10TkYh1fy3cYio2l3bCsQ=
github.com/kr/text v0.1.0 h1:45sCR5RtlFHMR4UwH9sdQ5TC8v0qDQCHnXt+kaKSTVE=
github.com/kr/text v0.1.0/go.mod h1:4Jbv+DJW3UT/LiOwJeYQe1efqtUx/iVham/4vfdArNI=
github.com/magiconair/properties v1.8.0/go.mod h1:PppfXfuXeibc/6YijjN8zIbojt8czPbwD3XqdrwzmxQ=
github.com/mattn/go-isatty v0.0.12/go.mod h1:cbi8OIDigv2wuxKPP5vlRcQ1OAZbq2CE4Kysco4FUpU=
github.com/mattn/go-isatty v0.0.14 h1:yVuAays6BHfxijgZPzw+3Zlu5yQgKGP2/hcQbHb7S9Y=
github.com/mattn/go-isatty v0.0.14/go.mod h1:7GGIvUiUoEMVVmxf/4nioHXj79iQHKdU27kJ6hsGG94=
github.com/mattn/go-sqlite3 v1.14.10/go.mod h1:NyWgC/yNuGj7Q9rpYnZvas74GogHl5/Z4A/KQRfk6bU=
github.com/mattn/go-sqlite3 v1.14.12/go.mod h1:NyWgC/yNuGj7Q9rpYnZvas74GogHl5/Z4A/KQRfk6bU=
github.com/mattn/go-sqlite3 v1.14.13 h1:1tj15ngiFfcZzii7yd82foL+ks+ouQcj8j/TPq3fk1I=
github.com/mattn/go-sqlite3 v1.14.13/go.mod h1:NyWgC/yNuGj7Q9rpYnZvas74GogHl5/Z4A/KQRfk6bU=
github.com/mitchellh/go-homedir v1.1.0/go.mod h1:SfyaCUpYCn1Vlf4IUYiD9fPX4A5wJrkLzIz1N1q0pr0=
github.com/mitchellh/mapstructure v1.1.2/go.mod h1:FVVH3fgwuzCH5S8UJGiWEs2h04kUh9fWfEaFds41c1Y=
github.com/pelletier/go-toml v1.2.0/go.mod h1:5z9KED0ma1S8pY6P1sdut58dfprrGBbd/94hg7ilaic=
github.com/pkg/errors v0.9.1 h1:FEBLx1zS214owpjy7qsBeixbURkuhQAwrK5UwLGTwt4=
github.com/pkg/errors v0.9.1/go.mod h1:bwawxfHBFNV+L2hUp1rHADufV3IMtnDRdf1r5NINEl0=
github.com/pmezard/go-difflib v1.0.0 h1:4DBwDE0NGyQoBHbLQYPwSUPoCMWR5BEzIk/f1lZbAQM=
github.com/pmezard/go-difflib v1.0.0/go.mod h1:iKH77koFhYxTK1pcRnkKkqfTogsbg7gZNVY4sRDYZ/4=
github.com/remyoudompheng/bigfft v0.0.0-20200410134404-eec4a21b6bb0 h1:OdAsTTz6OkFY5QxjkYwrChwuRruF69c169dPK26NUlk=
github.com/remyoudompheng/bigfft v0.0.0-20200410134404-eec4a21b6bb0/go.mod h1:qqbHyh8v60DhA7CoWK5oRCqLrMHRGoxYCSS9EjAz6Eo=
github.com/robfig/cron/v3 v3.0.1 h1:WdRxkvbJztn8LMz/QEvLN5sBU+xKpSqwwUO1Pjr4qDs=
github.com/robfig/cron/v3 v3.0.1/go.mod h1:eQICP3HwyT7UooqI/z+Ov+PtYAWygg1TEWWzGIFLtro=
github.com/rs/xid v1.3.0/go.mod h1:trrq9SKmegXys3aeAKXMUTdJsYXVwGY3RLcfgqegfbg=
github.com/rs/zerolog v1.26.1 h1:/ihwxqH+4z8UxyI70wM1z9yCvkWcfz/a3mj48k/Zngc=
github.com/rs/zerolog v1.26.1/go.mod h1:/wSSJWX7lVrsOwlbyTRSOJvqRlc+WjWlfes+CiJ+tmc=
github.com/russross/blackfriday v1.5.2/go.mod h1:JO/DiYxRf+HjHt06OyowR9PTA263kcR/rfWxYHBV53g=
github.com/spaolacci/murmur3 v0.0.0-20180118202830-f09979ecbc72/go.mod h1:JwIasOWyU6f++ZhiEuf87xNszmSA2myDM2Kzu9HwQUA=
github.com/spaolacci/murmur3 v1.1.0/go.mod h1:JwIasOWyU6f++ZhiEuf87xNszmSA2myDM2Kzu9HwQUA=
github.com/spf13/afero v1.1.2/go.mod h1:j4pytiNVoe2o6bmDsKpLACNPDBIoEAkihy7loJ1B0CQ=
github.com/spf13/cast v1.3.0/go.mod h1:Qx5cxh0v+4UWYiBimWS+eyWzqEqokIECu5etghLkUJE=
github.com/spf13/cobra v0.0.5/go.mod h1:3K3wKZymM7VvHMDS9+Akkh4K60UwM26emMESw8tLCHU=
github.com/spf13/jwalterweatherman v1.0.0/go.mod h1:cQK4TGJAtQXfYWX+Ddv3mKDzgVb68N+wFjFa4jdeBTo=
github.com/spf13/pflag v1.0.3/go.mod h1:DYY7MBk1bdzusC3SYhjObp+wFpr4gzcvqqNjLnInEg4=
github.com/spf13/viper v1.3.2/go.mod h1:ZiWeW+zYFKm7srdB9IoDzzZXaJaI5eL9QjNiN/DMA2s=
github.com/stretchr/objx v0.1.0/go.mod h1:HFkY916IF+rwdDfMAkV7OtwuqBVzrE8GR6GFx+wExME=
github.com/stretchr/testify v1.2.2/go.mod h1:a8OnRcib4nhh0OaRAV+Yts87kKdq0PP7pXfy6kDkUVs=
github.com/stretchr/testify v1.4.0/go.mod h1:j7eGeouHqKxXV5pUuKE4zz7dFj8WfuZ+81PSLYec5m4=
github.com/stretchr/testify v1.7.0/go.mod h1:6Fq8oRcR53rry900zMqJjRRixrwX3KX962/h/Wwjteg=
github.com/stretchr/testify v1.7.1 h1:5TQK59W5E3v0r2duFAb7P95B6hEeOyEnHRa8MjYSMTY=
github.com/stretchr/testify v1.7.1/go.mod h1:6Fq8oRcR53rry900zMqJjRRixrwX3KX962/h/Wwjteg=
github.com/ugorji/go/codec v0.0.0-20181204163529-d75b2dcb6bc8/go.mod h1:VFNgLljTbGfSG7qAOspJ7OScBnGdDN/yBr0sguwnwf0=
github.com/urfave/cli v1.20.0/go.mod h1:70zkFmudgCuE/ngEzBv17Jvp/497gISqfk5gWijbERA=
github.com/xordataexchange/crypt v0.0.3-0.20170626215501-b2862e3d0a77/go.mod h1:aYKd//L2LvnjZzWKhF00oedf4jCCReLcmhLdhm1A27Q=
github.com/yah01/container v0.0.0-20220528170552-d85b7444f0f0 h1:Vua+4tFD2mENtEULZ54AXKT5ZWBLoDH+vsDrLWMVAZ8=
github.com/yah01/container v0.0.0-20220528170552-d85b7444f0f0/go.mod h1:J1XhjWDXGZHI5GCqb3WEGCZ48NxLF70V6v7rrwIcmL4=
github.com/yah01/indexmap v1.0.0 h1:i09nJg/fzA4McnKE/6XXyGZ3wbqC2NKPMZMtzNnKAHQ=
github.com/yah01/indexmap v1.0.0/go.mod h1:rf2DRR4+Y2N5gmcw1muspjpeW/MDyAZzFNymS1itvbQ=
github.com/yuin/goldmark v1.1.27/go.mod h1:3hX8gzYuyVAZsxl0MRgGTJEmQBFcNTphYh9decYSb74=
github.com/yuin/goldmark v1.2.1/go.mod h1:3hX8gzYuyVAZsxl0MRgGTJEmQBFcNTphYh9decYSb74=
github.com/yuin/goldmark v1.4.0/go.mod h1:mwnBkeHKe2W/ZEtQ+71ViKU8L12m81fl3OWwC1Zlc8k=
go.opencensus.io v0.22.5/go.mod h1:5pWMHQbX5EPX2/62yrJeAkowc+lfs/XD7Uxpq3pI6kk=
golang.org/x/crypto v0.0.0-20181203042331-505ab145d0a9/go.mod h1:6SG95UA2DQfeDnfUPMdvaQW0Q7yPrPDi9nlGo2tz2b4=
golang.org/x/crypto v0.0.0-20190308221718-c2843e01d9a2/go.mod h1:djNgcEr1/C05ACkg1iLfiJU5Ep61QUkGW8qpdssI0+w=
golang.org/x/crypto v0.0.0-20191011191535-87dc89f01550/go.mod h1:yigFU9vqHzYiE8UmvKecakEJjdnWj3jj499lnFckfCI=
golang.org/x/crypto v0.0.0-20200622213623-75b288015ac9/go.mod h1:LzIPMQfyMNhhGPhUkYOs5KpL4U8rLKemX1yGLhDgUto=
golang.org/x/crypto v0.0.0-20210421170649-83a5a9bb288b/go.mod h1:T9bdIzuCu7OtxOm1hfPfRQxPLYneinmdGuTeoZ9dtd4=
golang.org/x/crypto v0.0.0-20211215165025-cf75a172585e/go.mod h1:P+XmwS30IXTQdn5tA2iutPOUgjI07+tq3H3K9MVA1s8=
golang.org/x/crypto v0.0.0-20220525230936-793ad666bf5e h1:T8NU3HyQ8ClP4SEE+KbFlg6n0NhuTsN4MyznaarGsZM=
golang.org/x/crypto v0.0.0-20220525230936-793ad666bf5e/go.mod h1:IxCIyHEi3zRg3s0A5j5BB6A9Jmi73HwBIUl50j+osU4=
golang.org/x/exp v0.0.0-20190121172915-509febef88a4/go.mod h1:CJ0aWSM057203Lf6IL+f9T1iT9GByDxfZKAQTCR3kQA=
golang.org/x/exp v0.0.0-20220609121020-a51bd0440498 h1:TF0FvLUGEq/8wOt/9AV1nj6D4ViZGUIGCMQfCv7VRXY=
golang.org/x/exp v0.0.0-20220609121020-a51bd0440498/go.mod h1:yh0Ynu2b5ZUe3MQfp2nM0ecK7wsgouWTDN0FNeJuIys=
golang.org/x/lint v0.0.0-20181026193005-c67002cb31c3/go.mod h1:UVdnD1Gm6xHRNCYTkRU2/jEulfH38KcIWyp/GAMgvoE=
golang.org/x/lint v0.0.0-20190227174305-5b3e6a55c961/go.mod h1:wehouNa3lNwaWXcvxsM5YxQ5yQlVC4a0KAMCusXpPoU=
golang.org/x/lint v0.0.0-20190313153728-d0100b6bd8b3/go.mod h1:6SW0HCj/g11FgYtHlgUYUwCkIfeOF89ocIRzGO/8vkc=
golang.org/x/mod v0.2.0/go.mod h1:s0Qsj1ACt9ePp/hMypM3fl4fZqREWJwdYDEqhRiZZUA=
golang.org/x/mod v0.3.0/go.mod h1:s0Qsj1ACt9ePp/hMypM3fl4fZqREWJwdYDEqhRiZZUA=
golang.org/x/mod v0.4.2/go.mod h1:s0Qsj1ACt9ePp/hMypM3fl4fZqREWJwdYDEqhRiZZUA=
golang.org/x/net v0.0.0-20180724234803-3673e40ba225/go.mod h1:mL1N/T3taQHkDXs73rZJwtUhF3w3ftmwwsq0BUmARs4=
golang.org/x/net v0.0.0-20180826012351-8a410e7b638d/go.mod h1:mL1N/T3taQHkDXs73rZJwtUhF3w3ftmwwsq0BUmARs4=
golang.org/x/net v0.0.0-20190213061140-3a22650c66bd/go.mod h1:mL1N/T3taQHkDXs73rZJwtUhF3w3ftmwwsq0BUmARs4=
golang.org/x/net v0.0.0-20190311183353-d8887717615a/go.mod h1:t9HGtf8HONx5eT2rtn7q6eTqICYqUVnKs3thJo3Qplg=
golang.org/x/net v0.0.0-20190404232315-eb5bcb51f2a3/go.mod h1:t9HGtf8HONx5eT2rtn7q6eTqICYqUVnKs3thJo3Qplg=
golang.org/x/net v0.0.0-20190620200207-3b0461eec859/go.mod h1:z5CRVTTTmAJ677TzLLGU+0bjPO0LkuOLi4/5GtJWs/s=
golang.org/x/net v0.0.0-20200226121028-0de0cce0169b/go.mod h1:z5CRVTTTmAJ677TzLLGU+0bjPO0LkuOLi4/5GtJWs/s=
golang.org/x/net v0.0.0-20201021035429-f5854403a974/go.mod h1:sp8m0HH+o8qH0wwXwYZr8TS3Oi6o0r6Gce1SSxlDquU=
golang.org/x/net v0.0.0-20210226172049-e18ecbb05110/go.mod h1:m0MpNAwzfU5UDzcl9v0D8zg8gWTRqZa9RBIspLL5mdg=
golang.org/x/net v0.0.0-20210805182204-aaa1db679c0d/go.mod h1:9nx3DQGgdP8bBQD5qxJ1jj9UTztislL4KSBs9R2vV5Y=
golang.org/x/net v0.0.0-20220127200216-cd36cc0744dd h1:O7DYs+zxREGLKzKoMQrtrEacpb0ZVXA5rIwylE2Xchk=
golang.org/x/net v0.0.0-20220127200216-cd36cc0744dd/go.mod h1:CfG3xpIq0wQ8r1q4Su4UZFWDARRcnwPjda9FqA0JpMk=
golang.org/x/oauth2 v0.0.0-20180821212333-d2e6202438be/go.mod h1:N/0e6XlmueqKjAGxoOufVs8QHGRruUQn6yWY3a++T0U=
golang.org/x/sync v0.0.0-20180314180146-1d60e4601c6f/go.mod h1:RxMgew5VJxzue5/jJTE5uejpjVlOe/izrB70Jof72aM=
golang.org/x/sync v0.0.0-20181108010431-42b317875d0f/go.mod h1:RxMgew5VJxzue5/jJTE5uejpjVlOe/izrB70Jof72aM=
golang.org/x/sync v0.0.0-20190227155943-e225da77a7e6/go.mod h1:RxMgew5VJxzue5/jJTE5uejpjVlOe/izrB70Jof72aM=
golang.org/x/sync v0.0.0-20190423024810-112230192c58/go.mod h1:RxMgew5VJxzue5/jJTE5uejpjVlOe/izrB70Jof72aM=
golang.org/x/sync v0.0.0-20190911185100-cd5d95a43a6e/go.mod h1:RxMgew5VJxzue5/jJTE5uejpjVlOe/izrB70Jof72aM=
golang.org/x/sync v0.0.0-20201020160332-67f06af15bc9/go.mod h1:RxMgew5VJxzue5/jJTE5uejpjVlOe/izrB70Jof72aM=
golang.org/x/sync v0.0.0-20210220032951-036812b2e83c/go.mod h1:RxMgew5VJxzue5/jJTE5uejpjVlOe/izrB70Jof72aM=
golang.org/x/sync v0.0.0-20220601150217-0de741cfad7f h1:Ax0t5p6N38Ga0dThY21weqDEyz2oklo4IvDkpigvkD8=
golang.org/x/sync v0.0.0-20220601150217-0de741cfad7f/go.mod h1:RxMgew5VJxzue5/jJTE5uejpjVlOe/izrB70Jof72aM=
golang.org/x/sys v0.0.0-20180830151530-49385e6e1522/go.mod h1:STP8DvDyc/dI5b8T5hshtkjS+E42TnysNCUPdjciGhY=
golang.org/x/sys v0.0.0-20181205085412-a5c9d58dba9a/go.mod h1:STP8DvDyc/dI5b8T5hshtkjS+E42TnysNCUPdjciGhY=
golang.org/x/sys v0.0.0-20190215142949-d0b11bdaac8a/go.mod h1:STP8DvDyc/dI5b8T5hshtkjS+E42TnysNCUPdjciGhY=
golang.org/x/sys v0.0.0-20190412213103-97732733099d/go.mod h1:h1NjWce9XRLGQEsW7wpKNCjG9DtNlClVuFLEZdDNbEs=
golang.org/x/sys v0.0.0-20190502145724-3ef323f4f1fd/go.mod h1:h1NjWce9XRLGQEsW7wpKNCjG9DtNlClVuFLEZdDNbEs=
golang.org/x/sys v0.0.0-20200116001909-b77594299b42/go.mod h1:h1NjWce9XRLGQEsW7wpKNCjG9DtNlClVuFLEZdDNbEs=
golang.org/x/sys v0.0.0-20200930185726-fdedc70b468f/go.mod h1:h1NjWce9XRLGQEsW7wpKNCjG9DtNlClVuFLEZdDNbEs=
golang.org/x/sys v0.0.0-20201119102817-f84b799fce68/go.mod h1:h1NjWce9XRLGQEsW7wpKNCjG9DtNlClVuFLEZdDNbEs=
golang.org/x/sys v0.0.0-20201126233918-771906719818/go.mod h1:h1NjWce9XRLGQEsW7wpKNCjG9DtNlClVuFLEZdDNbEs=
golang.org/x/sys v0.0.0-20210124154548-22da62e12c0c/go.mod h1:h1NjWce9XRLGQEsW7wpKNCjG9DtNlClVuFLEZdDNbEs=
golang.org/x/sys v0.0.0-20210423082822-04245dca01da/go.mod h1:h1NjWce9XRLGQEsW7wpKNCjG9DtNlClVuFLEZdDNbEs=
golang.org/x/sys v0.0.0-20210630005230-0f9fa26af87c/go.mod h1:oPkhp1MJrh7nUepCBck5+mAzfO9JrbApNNgaTdGDITg=
golang.org/x/sys v0.0.0-20210809222454-d867a43fc93e/go.mod h1:oPkhp1MJrh7nUepCBck5+mAzfO9JrbApNNgaTdGDITg=
golang.org/x/sys v0.0.0-20210902050250-f475640dd07b/go.mod h1:oPkhp1MJrh7nUepCBck5+mAzfO9JrbApNNgaTdGDITg=
golang.org/x/sys v0.0.0-20211007075335-d3039528d8ac/go.mod h1:oPkhp1MJrh7nUepCBck5+mAzfO9JrbApNNgaTdGDITg=
golang.org/x/sys v0.0.0-20220520151302-bc2c85ada10a h1:dGzPydgVsqGcTRVwiLJ1jVbufYwmzD3LfVPLKsKg+0k=
golang.org/x/sys v0.0.0-20220520151302-bc2c85ada10a/go.mod h1:oPkhp1MJrh7nUepCBck5+mAzfO9JrbApNNgaTdGDITg=
golang.org/x/term v0.0.0-20201126162022-7de9c90e9dd1/go.mod h1:bj7SfCRtBDWHUb9snDiAeCFNEtKQo2Wmx5Cou7ajbmo=
golang.org/x/text v0.3.0/go.mod h1:NqM8EUOU14njkJ3fqMW+pc6Ldnwhi/IjpwHt7yyuwOQ=
golang.org/x/text v0.3.3/go.mod h1:5Zoc/QRtKVWzQhOtBMvqHzDpF6irO9z98xDceosuGiQ=
golang.org/x/text v0.3.6/go.mod h1:5Zoc/QRtKVWzQhOtBMvqHzDpF6irO9z98xDceosuGiQ=
golang.org/x/tools v0.0.0-20180917221912-90fa682c2a6e/go.mod h1:n7NCudcB/nEzxVGmLbDWY5pfWTLqBcC2KZ6jyYvM4mQ=
golang.org/x/tools v0.0.0-20190114222345-bf090417da8b/go.mod h1:n7NCudcB/nEzxVGmLbDWY5pfWTLqBcC2KZ6jyYvM4mQ=
golang.org/x/tools v0.0.0-20190226205152-f727befe758c/go.mod h1:9Yl7xja0Znq3iFh3HoIrodX9oNMXvdceNzlUR8zjMvY=
golang.org/x/tools v0.0.0-20190311212946-11955173bddd/go.mod h1:LCzVGOaR6xXOjkQ3onu1FJEFr0SW1gC7cKk1uF8kGRs=
golang.org/x/tools v0.0.0-20191119224855-298f0cb1881e/go.mod h1:b+2E5dAYhXwXZwtnZ6UAqBI28+e2cm9otk0dWdXHAEo=
golang.org/x/tools v0.0.0-20200619180055-7c47624df98f/go.mod h1:EkVYQZoAsY45+roYkvgYkIh4xh/qjgUK9TdY2XT94GE=
golang.org/x/tools v0.0.0-20201124115921-2c860bdd6e78/go.mod h1:emZCQorbCU4vsT4fOWvOPXz4eW1wZW4PmDk9uLelYpA=
golang.org/x/tools v0.0.0-20210106214847-113979e3529a/go.mod h1:emZCQorbCU4vsT4fOWvOPXz4eW1wZW4PmDk9uLelYpA=
golang.org/x/tools v0.1.7/go.mod h1:LGqMHiF4EqQNHR1JncWGqT5BVaXmza+X+BDGol+dOxo=
golang.org/x/xerrors v0.0.0-20190717185122-a985d3407aa7/go.mod h1:I/5z698sn9Ka8TeJc9MKroUUfqBBauWjQqLJ2OPfmY0=
golang.org/x/xerrors v0.0.0-20191011141410-1b5146add898/go.mod h1:I/5z698sn9Ka8TeJc9MKroUUfqBBauWjQqLJ2OPfmY0=
golang.org/x/xerrors v0.0.0-20191204190536-9bdfabe68543/go.mod h1:I/5z698sn9Ka8TeJc9MKroUUfqBBauWjQqLJ2OPfmY0=
golang.org/x/xerrors v0.0.0-20200804184101-5ec99f83aff1/go.mod h1:I/5z698sn9Ka8TeJc9MKroUUfqBBauWjQqLJ2OPfmY0=
golift.io/starr v0.14.0 h1:G6bmXs0BNS0Kkwhv46FinlW09G6VILV+P6o62SPp2lY=
golift.io/starr v0.14.0/go.mod h1:LpR7iazinHYn50wNcTkJeVYxbBYQbkU/DcVYBwc5D9I=
google.golang.org/appengine v1.1.0/go.mod h1:EbEs0AVv82hx2wNQdGPgUI5lhzA/G0D9YwlJXL52JkM=
google.golang.org/appengine v1.4.0/go.mod h1:xpcJRLb0r/rnEns0DIKYYv+WjYCduHsrkT7/EB5XEv4=
google.golang.org/genproto v0.0.0-20180817151627-c66870c02cf8/go.mod h1:JiN7NxoALGmiZfu7CAH4rXhgtRTLTxftemlI0sWmxmc=
google.golang.org/genproto v0.0.0-20190425155659-357c62f0e4bb/go.mod h1:VzzqZJRnGkLBvHegQrXjBqPurQTc5/KpmUdxsrq26oE=
google.golang.org/grpc v1.19.0/go.mod h1:mqu4LbDTu4XGKhr4mRzUsmM4RtVoemTSY81AxZiDr8c=
google.golang.org/grpc v1.20.1/go.mod h1:10oTOabMzJvdu6/UiuZezV6QK5dSlG84ov/aaiqXj38=
gopkg.in/check.v1 v0.0.0-20161208181325-20d25e280405/go.mod h1:Co6ibVJAznAaIkqp8huTwlJQCZ016jof/cbN4VW5Yz0=
gopkg.in/check.v1 v1.0.0-20190902080502-41f04d3bba15 h1:YR8cESwS4TdDjEe65xsg0ogRM/Nc3DYOhEAlW+xobZo=
gopkg.in/check.v1 v1.0.0-20190902080502-41f04d3bba15/go.mod h1:Co6ibVJAznAaIkqp8huTwlJQCZ016jof/cbN4VW5Yz0=
gopkg.in/yaml.v2 v2.2.2/go.mod h1:hI93XBmqTisBFMUTm0b8Fm+jr3Dg1NNxqwp+5A1VGuI=
gopkg.in/yaml.v3 v3.0.0-20200313102051-9f266ea9e77c/go.mod h1:K4uyk7z7BCEPqu6E+C64Yfv1cQ7kz7rIZviUmN+EgEM=
gopkg.in/yaml.v3 v3.0.0-20210107192922-496545a6307b/go.mod h1:K4uyk7z7BCEPqu6E+C64Yfv1cQ7kz7rIZviUmN+EgEM=
gopkg.in/yaml.v3 v3.0.1 h1:fxVm/GzAzEWqLHuvctI91KS9hhNmmWOoWu0XTYJS7CA=
gopkg.in/yaml.v3 v3.0.1/go.mod h1:K4uyk7z7BCEPqu6E+C64Yfv1cQ7kz7rIZviUmN+EgEM=
honnef.co/go/tools v0.0.0-20190102054323-c2f93a96b099/go.mod h1:rf3lG4BRIbNafJWhAfAdb/ePZxsR/4RtNHQocxwk9r4=
lukechampine.com/uint128 v1.1.1/go.mod h1:c4eWIwlEGaxC/+H1VguhU4PHXNWDCDMUlWdIWl2j1gk=
modernc.org/cc/v3 v3.33.6/go.mod h1:iPJg1pkwXqAV16SNgFBVYmggfMg6xhs+2oiO0vclK3g=
modernc.org/cc/v3 v3.33.9/go.mod h1:iPJg1pkwXqAV16SNgFBVYmggfMg6xhs+2oiO0vclK3g=
modernc.org/cc/v3 v3.33.11/go.mod h1:iPJg1pkwXqAV16SNgFBVYmggfMg6xhs+2oiO0vclK3g=
modernc.org/cc/v3 v3.34.0/go.mod h1:iPJg1pkwXqAV16SNgFBVYmggfMg6xhs+2oiO0vclK3g=
modernc.org/cc/v3 v3.35.0/go.mod h1:iPJg1pkwXqAV16SNgFBVYmggfMg6xhs+2oiO0vclK3g=
modernc.org/cc/v3 v3.35.4/go.mod h1:iPJg1pkwXqAV16SNgFBVYmggfMg6xhs+2oiO0vclK3g=
modernc.org/cc/v3 v3.35.5/go.mod h1:iPJg1pkwXqAV16SNgFBVYmggfMg6xhs+2oiO0vclK3g=
modernc.org/cc/v3 v3.35.7/go.mod h1:iPJg1pkwXqAV16SNgFBVYmggfMg6xhs+2oiO0vclK3g=
modernc.org/cc/v3 v3.35.8/go.mod h1:iPJg1pkwXqAV16SNgFBVYmggfMg6xhs+2oiO0vclK3g=
modernc.org/cc/v3 v3.35.10/go.mod h1:iPJg1pkwXqAV16SNgFBVYmggfMg6xhs+2oiO0vclK3g=
modernc.org/cc/v3 v3.35.15/go.mod h1:iPJg1pkwXqAV16SNgFBVYmggfMg6xhs+2oiO0vclK3g=
modernc.org/cc/v3 v3.35.16/go.mod h1:iPJg1pkwXqAV16SNgFBVYmggfMg6xhs+2oiO0vclK3g=
modernc.org/cc/v3 v3.35.17/go.mod h1:iPJg1pkwXqAV16SNgFBVYmggfMg6xhs+2oiO0vclK3g=
modernc.org/cc/v3 v3.35.18/go.mod h1:iPJg1pkwXqAV16SNgFBVYmggfMg6xhs+2oiO0vclK3g=
modernc.org/cc/v3 v3.35.20/go.mod h1:iPJg1pkwXqAV16SNgFBVYmggfMg6xhs+2oiO0vclK3g=
modernc.org/cc/v3 v3.35.22/go.mod h1:iPJg1pkwXqAV16SNgFBVYmggfMg6xhs+2oiO0vclK3g=
modernc.org/cc/v3 v3.36.0/go.mod h1:NFUHyPn4ekoC/JHeZFfZurN6ixxawE1BnVonP/oahEI=
modernc.org/ccgo/v3 v3.0.0-20220428102840-41399a37e894/go.mod h1:eI31LL8EwEBKPpNpA4bU1/i+sKOwOrQy8D87zWUcRZc=
modernc.org/ccgo/v3 v3.0.0-20220430103911-bc99d88307be/go.mod h1:bwdAnOoaIt8Ax9YdWGjxWsdkPcZyRPHqrOvJxaKAKGw=
modernc.org/ccgo/v3 v3.9.5/go.mod h1:umuo2EP2oDSBnD3ckjaVUXMrmeAw8C8OSICVa0iFf60=
modernc.org/ccgo/v3 v3.10.0/go.mod h1:c0yBmkRFi7uW4J7fwx/JiijwOjeAeR2NoSaRVFPmjMw=
modernc.org/ccgo/v3 v3.11.0/go.mod h1:dGNposbDp9TOZ/1KBxghxtUp/bzErD0/0QW4hhSaBMI=
modernc.org/ccgo/v3 v3.11.1/go.mod h1:lWHxfsn13L3f7hgGsGlU28D9eUOf6y3ZYHKoPaKU0ag=
modernc.org/ccgo/v3 v3.11.3/go.mod h1:0oHunRBMBiXOKdaglfMlRPBALQqsfrCKXgw9okQ3GEw=
modernc.org/ccgo/v3 v3.12.4/go.mod h1:Bk+m6m2tsooJchP/Yk5ji56cClmN6R1cqc9o/YtbgBQ=
modernc.org/ccgo/v3 v3.12.6/go.mod h1:0Ji3ruvpFPpz+yu+1m0wk68pdr/LENABhTrDkMDWH6c=
modernc.org/ccgo/v3 v3.12.8/go.mod h1:Hq9keM4ZfjCDuDXxaHptpv9N24JhgBZmUG5q60iLgUo=
modernc.org/ccgo/v3 v3.12.11/go.mod h1:0jVcmyDwDKDGWbcrzQ+xwJjbhZruHtouiBEvDfoIsdg=
modernc.org/ccgo/v3 v3.12.14/go.mod h1:GhTu1k0YCpJSuWwtRAEHAol5W7g1/RRfS4/9hc9vF5I=
modernc.org/ccgo/v3 v3.12.18/go.mod h1:jvg/xVdWWmZACSgOiAhpWpwHWylbJaSzayCqNOJKIhs=
modernc.org/ccgo/v3 v3.12.20/go.mod h1:aKEdssiu7gVgSy/jjMastnv/q6wWGRbszbheXgWRHc8=
modernc.org/ccgo/v3 v3.12.21/go.mod h1:ydgg2tEprnyMn159ZO/N4pLBqpL7NOkJ88GT5zNU2dE=
modernc.org/ccgo/v3 v3.12.22/go.mod h1:nyDVFMmMWhMsgQw+5JH6B6o4MnZ+UQNw1pp52XYFPRk=
modernc.org/ccgo/v3 v3.12.25/go.mod h1:UaLyWI26TwyIT4+ZFNjkyTbsPsY3plAEB6E7L/vZV3w=
modernc.org/ccgo/v3 v3.12.29/go.mod h1:FXVjG7YLf9FetsS2OOYcwNhcdOLGt8S9bQ48+OP75cE=
modernc.org/ccgo/v3 v3.12.36/go.mod h1:uP3/Fiezp/Ga8onfvMLpREq+KUjUmYMxXPO8tETHtA8=
modernc.org/ccgo/v3 v3.12.38/go.mod h1:93O0G7baRST1vNj4wnZ49b1kLxt0xCW5Hsa2qRaZPqc=
modernc.org/ccgo/v3 v3.12.43/go.mod h1:k+DqGXd3o7W+inNujK15S5ZYuPoWYLpF5PYougCmthU=
modernc.org/ccgo/v3 v3.12.46/go.mod h1:UZe6EvMSqOxaJ4sznY7b23/k13R8XNlyWsO5bAmSgOE=
modernc.org/ccgo/v3 v3.12.47/go.mod h1:m8d6p0zNps187fhBwzY/ii6gxfjob1VxWb919Nk1HUk=
modernc.org/ccgo/v3 v3.12.50/go.mod h1:bu9YIwtg+HXQxBhsRDE+cJjQRuINuT9PUK4orOco/JI=
modernc.org/ccgo/v3 v3.12.51/go.mod h1:gaIIlx4YpmGO2bLye04/yeblmvWEmE4BBBls4aJXFiE=
modernc.org/ccgo/v3 v3.12.53/go.mod h1:8xWGGTFkdFEWBEsUmi+DBjwu/WLy3SSOrqEmKUjMeEg=
modernc.org/ccgo/v3 v3.12.54/go.mod h1:yANKFTm9llTFVX1FqNKHE0aMcQb1fuPJx6p8AcUx+74=
modernc.org/ccgo/v3 v3.12.55/go.mod h1:rsXiIyJi9psOwiBkplOaHye5L4MOOaCjHg1Fxkj7IeU=
modernc.org/ccgo/v3 v3.12.56/go.mod h1:ljeFks3faDseCkr60JMpeDb2GSO3TKAmrzm7q9YOcMU=
modernc.org/ccgo/v3 v3.12.57/go.mod h1:hNSF4DNVgBl8wYHpMvPqQWDQx8luqxDnNGCMM4NFNMc=
modernc.org/ccgo/v3 v3.12.60/go.mod h1:k/Nn0zdO1xHVWjPYVshDeWKqbRWIfif5dtsIOCUVMqM=
modernc.org/ccgo/v3 v3.12.66/go.mod h1:jUuxlCFZTUZLMV08s7B1ekHX5+LIAurKTTaugUr/EhQ=
modernc.org/ccgo/v3 v3.12.67/go.mod h1:Bll3KwKvGROizP2Xj17GEGOTrlvB1XcVaBrC90ORO84=
modernc.org/ccgo/v3 v3.12.73/go.mod h1:hngkB+nUUqzOf3iqsM48Gf1FZhY599qzVg1iX+BT3cQ=
modernc.org/ccgo/v3 v3.12.81/go.mod h1:p2A1duHoBBg1mFtYvnhAnQyI6vL0uw5PGYLSIgF6rYY=
modernc.org/ccgo/v3 v3.12.84/go.mod h1:ApbflUfa5BKadjHynCficldU1ghjen84tuM5jRynB7w=
modernc.org/ccgo/v3 v3.12.86/go.mod h1:dN7S26DLTgVSni1PVA3KxxHTcykyDurf3OgUzNqTSrU=
modernc.org/ccgo/v3 v3.12.90/go.mod h1:obhSc3CdivCRpYZmrvO88TXlW0NvoSVvdh/ccRjJYko=
modernc.org/ccgo/v3 v3.12.92/go.mod h1:5yDdN7ti9KWPi5bRVWPl8UNhpEAtCjuEE7ayQnzzqHA=
modernc.org/ccgo/v3 v3.13.1/go.mod h1:aBYVOUfIlcSnrsRVU8VRS35y2DIfpgkmVkYZ0tpIXi4=
modernc.org/ccgo/v3 v3.14.0/go.mod h1:hBrkiBlUwvr5vV/ZH9YzXIp982jKE8Ek8tR1ytoAL6Q=
modernc.org/ccgo/v3 v3.15.1/go.mod h1:md59wBwDT2LznX/OTCPoVS6KIsdRgY8xqQwBV+hkTH0=
modernc.org/ccgo/v3 v3.15.9/go.mod h1:md59wBwDT2LznX/OTCPoVS6KIsdRgY8xqQwBV+hkTH0=
modernc.org/ccgo/v3 v3.15.10/go.mod h1:wQKxoFn0ynxMuCLfFD09c8XPUCc8obfchoVR9Cn0fI8=
modernc.org/ccgo/v3 v3.15.12/go.mod h1:VFePOWoCd8uDGRJpq/zfJ29D0EVzMSyID8LCMWYbX6I=
modernc.org/ccgo/v3 v3.16.4/go.mod h1:tGtX0gE9Jn7hdZFeU88slbTh1UtCYKusWOoCJuvkWsQ=
modernc.org/ccgo/v3 v3.16.6/go.mod h1:tGtX0gE9Jn7hdZFeU88slbTh1UtCYKusWOoCJuvkWsQ=
modernc.org/ccorpus v1.11.1/go.mod h1:2gEUTrWqdpH2pXsmTM1ZkjeSrUWDpjMu2T6m29L/ErQ=
modernc.org/ccorpus v1.11.6/go.mod h1:2gEUTrWqdpH2pXsmTM1ZkjeSrUWDpjMu2T6m29L/ErQ=
modernc.org/httpfs v1.0.6/go.mod h1:7dosgurJGp0sPaRanU53W4xZYKh14wfzX420oZADeHM=
modernc.org/libc v0.0.0-20220428101251-2d5f3daf273b/go.mod h1:p7Mg4+koNjc8jkqwcoFBJx7tXkpj00G77X7A72jXPXA=
modernc.org/libc v1.9.8/go.mod h1:U1eq8YWr/Kc1RWCMFUWEdkTg8OTcfLw2kY8EDwl039w=
modernc.org/libc v1.9.11/go.mod h1:NyF3tsA5ArIjJ83XB0JlqhjTabTCHm9aX4XMPHyQn0Q=
modernc.org/libc v1.11.0/go.mod h1:2lOfPmj7cz+g1MrPNmX65QCzVxgNq2C5o0jdLY2gAYg=
modernc.org/libc v1.11.2/go.mod h1:ioIyrl3ETkugDO3SGZ+6EOKvlP3zSOycUETe4XM4n8M=
modernc.org/libc v1.11.5/go.mod h1:k3HDCP95A6U111Q5TmG3nAyUcp3kR5YFZTeDS9v8vSU=
modernc.org/libc v1.11.6/go.mod h1:ddqmzR6p5i4jIGK1d/EiSw97LBcE3dK24QEwCFvgNgE=
modernc.org/libc v1.11.11/go.mod h1:lXEp9QOOk4qAYOtL3BmMve99S5Owz7Qyowzvg6LiZso=
modernc.org/libc v1.11.13/go.mod h1:ZYawJWlXIzXy2Pzghaf7YfM8OKacP3eZQI81PDLFdY8=
modernc.org/libc v1.11.16/go.mod h1:+DJquzYi+DMRUtWI1YNxrlQO6TcA5+dRRiq8HWBWRC8=
modernc.org/libc v1.11.19/go.mod h1:e0dgEame6mkydy19KKaVPBeEnyJB4LGNb0bBH1EtQ3I=
modernc.org/libc v1.11.24/go.mod h1:FOSzE0UwookyT1TtCJrRkvsOrX2k38HoInhw+cSCUGk=
modernc.org/libc v1.11.26/go.mod h1:SFjnYi9OSd2W7f4ct622o/PAYqk7KHv6GS8NZULIjKY=
modernc.org/libc v1.11.27/go.mod h1:zmWm6kcFXt/jpzeCgfvUNswM0qke8qVwxqZrnddlDiE=
modernc.org/libc v1.11.28/go.mod h1:Ii4V0fTFcbq3qrv3CNn+OGHAvzqMBvC7dBNyC4vHZlg=
modernc.org/libc v1.11.31/go.mod h1:FpBncUkEAtopRNJj8aRo29qUiyx5AvAlAxzlx9GNaVM=
modernc.org/libc v1.11.34/go.mod h1:+Tzc4hnb1iaX/SKAutJmfzES6awxfU1BPvrrJO0pYLg=
modernc.org/libc v1.11.37/go.mod h1:dCQebOwoO1046yTrfUE5nX1f3YpGZQKNcITUYWlrAWo=
modernc.org/libc v1.11.39/go.mod h1:mV8lJMo2S5A31uD0k1cMu7vrJbSA3J3waQJxpV4iqx8=
modernc.org/libc v1.11.42/go.mod h1:yzrLDU+sSjLE+D4bIhS7q1L5UwXDOw99PLSX0BlZvSQ=
modernc.org/libc v1.11.44/go.mod h1:KFq33jsma7F5WXiYelU8quMJasCCTnHK0mkri4yPHgA=
modernc.org/libc v1.11.45/go.mod h1:Y192orvfVQQYFzCNsn+Xt0Hxt4DiO4USpLNXBlXg/tM=
modernc.org/libc v1.11.47/go.mod h1:tPkE4PzCTW27E6AIKIR5IwHAQKCAtudEIeAV1/SiyBg=
modernc.org/libc v1.11.49/go.mod h1:9JrJuK5WTtoTWIFQ7QjX2Mb/bagYdZdscI3xrvHbXjE=
modernc.org/libc v1.11.51/go.mod h1:R9I8u9TS+meaWLdbfQhq2kFknTW0O3aw3kEMqDDxMaM=
modernc.org/libc v1.11.53/go.mod h1:5ip5vWYPAoMulkQ5XlSJTy12Sz5U6blOQiYasilVPsU=
modernc.org/libc v1.11.54/go.mod h1:S/FVnskbzVUrjfBqlGFIPA5m7UwB3n9fojHhCNfSsnw=
modernc.org/libc v1.11.55/go.mod h1:j2A5YBRm6HjNkoSs/fzZrSxCuwWqcMYTDPLNx0URn3M=
modernc.org/libc v1.11.56/go.mod h1:pakHkg5JdMLt2OgRadpPOTnyRXm/uzu+Yyg/LSLdi18=
modernc.org/libc v1.11.58/go.mod h1:ns94Rxv0OWyoQrDqMFfWwka2BcaF6/61CqJRK9LP7S8=
modernc.org/libc v1.11.71/go.mod h1:DUOmMYe+IvKi9n6Mycyx3DbjfzSKrdr/0Vgt3j7P5gw=
modernc.org/libc v1.11.75/go.mod h1:dGRVugT6edz361wmD9gk6ax1AbDSe0x5vji0dGJiPT0=
modernc.org/libc v1.11.82/go.mod h1:NF+Ek1BOl2jeC7lw3a7Jj5PWyHPwWD4aq3wVKxqV1fI=
modernc.org/libc v1.11.86/go.mod h1:ePuYgoQLmvxdNT06RpGnaDKJmDNEkV7ZPKI2jnsvZoE=
modernc.org/libc v1.11.87/go.mod h1:Qvd5iXTeLhI5PS0XSyqMY99282y+3euapQFxM7jYnpY=
modernc.org/libc v1.11.88/go.mod h1:h3oIVe8dxmTcchcFuCcJ4nAWaoiwzKCdv82MM0oiIdQ=
modernc.org/libc v1.11.98/go.mod h1:ynK5sbjsU77AP+nn61+k+wxUGRx9rOFcIqWYYMaDZ4c=
modernc.org/libc v1.11.101/go.mod h1:wLLYgEiY2D17NbBOEp+mIJJJBGSiy7fLL4ZrGGZ+8jI=
modernc.org/libc v1.12.0/go.mod h1:2MH3DaF/gCU8i/UBiVE1VFRos4o523M7zipmwH8SIgQ=
modernc.org/libc v1.13.1/go.mod h1:npFeGWjmZTjFeWALQLrvklVmAxv4m80jnG3+xI8FdJk=
modernc.org/libc v1.13.2/go.mod h1:npFeGWjmZTjFeWALQLrvklVmAxv4m80jnG3+xI8FdJk=
modernc.org/libc v1.14.1/go.mod h1:npFeGWjmZTjFeWALQLrvklVmAxv4m80jnG3+xI8FdJk=
modernc.org/libc v1.14.2/go.mod h1:MX1GBLnRLNdvmK9azU9LCxZ5lMyhrbEMK8rG3X/Fe34=
modernc.org/libc v1.14.3/go.mod h1:GPIvQVOVPizzlqyRX3l756/3ppsAgg1QgPxjr5Q4agQ=
modernc.org/libc v1.14.5/go.mod h1:2PJHINagVxO4QW/5OQdRrvMYo+bm5ClpUFfyXCYl9ak=
modernc.org/libc v1.16.0/go.mod h1:N4LD6DBE9cf+Dzf9buBlzVJndKr/iJHG97vGLHYnb5A=
modernc.org/libc v1.16.1/go.mod h1:JjJE0eu4yeK7tab2n4S1w8tlWd9MxXLRzheaRnAKymU=
modernc.org/libc v1.16.7/go.mod h1:hYIV5VZczAmGZAnG15Vdngn5HSF5cSkbvfz2B7GRuVU=
modernc.org/libc v1.16.8 h1:Ux98PaOMvolgoFX/YwusFOHBnanXdGRmWgI8ciI2z4o=
modernc.org/libc v1.16.8/go.mod h1:hYIV5VZczAmGZAnG15Vdngn5HSF5cSkbvfz2B7GRuVU=
modernc.org/mathutil v1.1.1/go.mod h1:mZW8CKdRPY1v87qxC/wUdX5O1qDzXMP5TH3wjfpga6E=
modernc.org/mathutil v1.2.2/go.mod h1:mZW8CKdRPY1v87qxC/wUdX5O1qDzXMP5TH3wjfpga6E=
modernc.org/mathutil v1.4.0/go.mod h1:mZW8CKdRPY1v87qxC/wUdX5O1qDzXMP5TH3wjfpga6E=
modernc.org/mathutil v1.4.1 h1:ij3fYGe8zBF4Vu+g0oT7mB06r8sqGWKuJu1yXeR4by8=
modernc.org/mathutil v1.4.1/go.mod h1:mZW8CKdRPY1v87qxC/wUdX5O1qDzXMP5TH3wjfpga6E=
modernc.org/memory v1.0.4/go.mod h1:nV2OApxradM3/OVbs2/0OsP6nPfakXpi50C7dcoHXlc=
modernc.org/memory v1.0.5/go.mod h1:B7OYswTRnfGg+4tDH1t1OeUNnsy2viGTdME4tzd+IjM=
modernc.org/memory v1.1.1 h1:bDOL0DIDLQv7bWhP3gMvIrnoFw+Eo6F7a2QK9HPDiFU=
modernc.org/memory v1.1.1/go.mod h1:/0wo5ibyrQiaoUoH7f9D8dnglAmILJ5/cxZlRECf+Nw=
modernc.org/opt v0.1.1/go.mod h1:WdSiB5evDcignE70guQKxYUl14mgWtbClRi5wmkkTX0=
modernc.org/sqlite v1.14.5/go.mod h1:YyX5Rx0WbXokitdWl2GJIDy4BrPxBP0PwwhpXOHCDLE=
modernc.org/sqlite v1.17.3 h1:iE+coC5g17LtByDYDWKpR6m2Z9022YrSh3bumwOnIrI=
modernc.org/sqlite v1.17.3/go.mod h1:10hPVYar9C0kfXuTWGz8s0XtB8uAGymUy51ZzStYe3k=
modernc.org/strutil v1.1.1/go.mod h1:DE+MQQ/hjKBZS2zNInV5hhcipt5rLPWkmpbGeW5mmdw=
modernc.org/tcl v1.10.0/go.mod h1:WzWapmP/7dHVhFoyPpEaNSVTL8xtewhouN/cqSJ5A2s=
modernc.org/tcl v1.13.1/go.mod h1:XOLfOwzhkljL4itZkK6T72ckMgvj0BDsnKNdZVUOecw=
modernc.org/token v1.0.0/go.mod h1:UGzOrNV1mAFSEB63lOFHIpNRUVMvYTc6yu1SMY/XTDM=
modernc.org/z v1.2.21/go.mod h1:uXrObx4pGqXWIMliC5MiKuwAyMrltzwpteOFUP1PWCc=
modernc.org/z v1.3.0/go.mod h1:+mvgLH814oDjtATDdT3rs84JnUIpkvAF5B8AVkNlE2g=
modernc.org/z v1.5.1/go.mod h1:eWFB510QWW5Th9YGZT81s+LwvaAs3Q2yr4sP0rmLkv8=
zombiezen.com/go/sqlite v0.9.2 h1:bgY6e0BksSrrQqM9gK+HYLbMj1zxcRWHijJBlYnRpCw=
zombiezen.com/go/sqlite v0.9.2/go.mod h1:M/gb7zbJfWDAUQAsw/9wf0c3P1cHt6Mv9zrtVmAs13Y=
